# @generated - this file is auto-generated by `mise lock` https://mise.jdx.dev/dev-tools/mise-lock.html

lockfile_version = 1

[[tools.go]]
version = "1.24.13"
backend = "core:go"
specifiers = ["1.24.13"]

[tools.go."platforms.linux-x64"]
checksum = "sha256:1fc94b57134d51669c72173ad5d49fd62afb0f1db9bf3f798fd98ee423f8d730"
url = "https://dl.google.com/go/go1.24.13.linux-amd64.tar.gz"

[tools.go."platforms.macos-arm64"]
checksum = "sha256:f282d882c3353485e2fc6c634606d85caf36e855167d59b996dbeae19fa7629a"
url = "https://dl.google.com/go/go1.24.13.darwin-arm64.tar.gz"

[tools.go."platforms.macos-x64"]
checksum = "sha256:6cc6549b06725220b342b740497ffd24e0ebdcef75781a77931ca199f46ad781"
url = "https://dl.google.com/go/go1.24.13.darwin-amd64.tar.gz"
